// !$*UTF8*$!
{
	archiveVersion = 1;
	classes = {
	};
	objectVersion = 50;
	objects = {

/* Begin PBXBuildFile section */
		4C51941723AB554F00CCB1C6 /* AppDelegate.swift in Sources */ = {isa = PBXBuildFile; fileRef = 4C51941623AB554F00CCB1C6 /* AppDelegate.swift */; };
		4C51941923AB554F00CCB1C6 /* SceneDelegate.swift in Sources */ = {isa = PBXBuildFile; fileRef = 4C51941823AB554F00CCB1C6 /* SceneDelegate.swift */; };
		4C51941B23AB554F00CCB1C6 /* ContentView.swift in Sources */ = {isa = PBXBuildFile; fileRef = 4C51941A23AB554F00CCB1C6 /* ContentView.swift */; };
		4C51941D23AB555400CCB1C6 /* Assets.xcassets in Resources */ = {isa = PBXBuildFile; fileRef = 4C51941C23AB555400CCB1C6 /* Assets.xcassets */; };
		4C51942023AB555400CCB1C6 /* Preview Assets.xcassets in Resources */ = {isa = PBXBuildFile; fileRef = 4C51941F23AB555400CCB1C6 /* Preview Assets.xcassets */; };
		4C51942323AB555400CCB1C6 /* LaunchScreen.storyboard in Resources */ = {isa = PBXBuildFile; fileRef = 4C51942123AB555400CCB1C6 /* LaunchScreen.storyboard */; };
		4C51942E23AB555400CCB1C6 /* UdderTests.swift in Sources */ = {isa = PBXBuildFile; fileRef = 4C51942D23AB555400CCB1C6 /* UdderTests.swift */; };
		4C51943923AB555400CCB1C6 /* UdderUITests.swift in Sources */ = {isa = PBXBuildFile; fileRef = 4C51943823AB555400CCB1C6 /* UdderUITests.swift */; };
/* End PBXBuildFile section */

/* Begin PBXContainerItemProxy section */
		4C51942A23AB555400CCB1C6 /* PBXContainerItemProxy */ = {
			isa = PBXContainerItemProxy;
			containerPortal = 4C51940B23AB554F00CCB1C6 /* Project object */;
			proxyType = 1;
			remoteGlobalIDString = 4C51941223AB554F00CCB1C6;
			remoteInfo = Udder;
		};
		4C51943523AB555400CCB1C6 /* PBXContainerItemProxy */ = {
			isa = PBXContainerItemProxy;
			containerPortal = 4C51940B23AB554F00CCB1C6 /* Project object */;
			proxyType = 1;
			remoteGlobalIDString = 4C51941223AB554F00CCB1C6;
			remoteInfo = Udder;
		};
/* End PBXContainerItemProxy section */

/* Begin PBXFileReference section */
		4C51941323AB554F00CCB1C6 /* Udder.app */ = {isa = PBXFileReference; explicitFileType = wrapper.application; includeInIndex = 0; path = Udder.app; sourceTree = BUILT_PRODUCTS_DIR; };
		4C51941623AB554F00CCB1C6 /* AppDelegate.swift */ = {isa = PBXFileReference; lastKnownFileType = sourcecode.swift; path = AppDelegate.swift; sourceTree = "<group>"; };
		4C51941823AB554F00CCB1C6 /* SceneDelegate.swift */ = {isa = PBXFileReference; lastKnownFileType = sourcecode.swift; path = SceneDelegate.swift; sourceTree = "<group>"; };
		4C51941A23AB554F00CCB1C6 /* ContentView.swift */ = {isa = PBXFileReference; lastKnownFileType = sourcecode.swift; path = ContentView.swift; sourceTree = "<group>"; };
		4C51941C23AB555400CCB1C6 /* Assets.xcassets */ = {isa = PBXFileReference; lastKnownFileType = folder.assetcatalog; path = Assets.xcassets; sourceTree = "<group>"; };
		4C51941F23AB555400CCB1C6 /* Preview Assets.xcassets */ = {isa = PBXFileReference; lastKnownFileType = folder.assetcatalog; path = "Preview Assets.xcassets"; sourceTree = "<group>"; };
		4C51942223AB555400CCB1C6 /* Base */ = {isa = PBXFileReference; lastKnownFileType = file.storyboard; name = Base; path = Base.lproj/LaunchScreen.storyboard; sourceTree = "<group>"; };
		4C51942423AB555400CCB1C6 /* Info.plist */ = {isa = PBXFileReference; lastKnownFileType = text.plist.xml; path = Info.plist; sourceTree = "<group>"; };
		4C51942923AB555400CCB1C6 /* UdderTests.xctest */ = {isa = PBXFileReference; explicitFileType = wrapper.cfbundle; includeInIndex = 0; path = UdderTests.xctest; sourceTree = BUILT_PRODUCTS_DIR; };
		4C51942D23AB555400CCB1C6 /* UdderTests.swift */ = {isa = PBXFileReference; lastKnownFileType = sourcecode.swift; path = UdderTests.swift; sourceTree = "<group>"; };
		4C51942F23AB555400CCB1C6 /* Info.plist */ = {isa = PBXFileReference; lastKnownFileType = text.plist.xml; path = Info.plist; sourceTree = "<group>"; };
		4C51943423AB555400CCB1C6 /* UdderUITests.xctest */ = {isa = PBXFileReference; explicitFileType = wrapper.cfbundle; includeInIndex = 0; path = UdderUITests.xctest; sourceTree = BUILT_PRODUCTS_DIR; };
		4C51943823AB555400CCB1C6 /* UdderUITests.swift */ = {isa = PBXFileReference; lastKnownFileType = sourcecode.swift; path = UdderUITests.swift; sourceTree = "<group>"; };
		4C51943A23AB555400CCB1C6 /* Info.plist */ = {isa = PBXFileReference; lastKnownFileType = text.plist.xml; path = Info.plist; sourceTree = "<group>"; };
/* End PBXFileReference section */

/* Begin PBXFrameworksBuildPhase section */
		4C51941023AB554F00CCB1C6 /* Frameworks */ = {
			isa = PBXFrameworksBuildPhase;
			buildActionMask = 2147483647;
			files = (
			);
			runOnlyForDeploymentPostprocessing = 0;
		};
		4C51942623AB555400CCB1C6 /* Frameworks */ = {
			isa = PBXFrameworksBuildPhase;
			buildActionMask = 2147483647;
			files = (
			);
			runOnlyForDeploymentPostprocessing = 0;
		};
		4C51943123AB555400CCB1C6 /* Frameworks */ = {
			isa = PBXFrameworksBuildPhase;
			buildActionMask = 2147483647;
			files = (
			);
			runOnlyForDeploymentPostprocessing = 0;
		};
/* End PBXFrameworksBuildPhase section */

/* Begin PBXGroup section */
		4C51940A23AB554F00CCB1C6 = {
			isa = PBXGroup;
			children = (
				4C51941523AB554F00CCB1C6 /* Udder */,
				4C51942C23AB555400CCB1C6 /* UdderTests */,
				4C51943723AB555400CCB1C6 /* UdderUITests */,
				4C51941423AB554F00CCB1C6 /* Products */,
			);
			sourceTree = "<group>";
		};
		4C51941423AB554F00CCB1C6 /* Products */ = {
			isa = PBXGroup;
			children = (
				4C51941323AB554F00CCB1C6 /* Udder.app */,
				4C51942923AB555400CCB1C6 /* UdderTests.xctest */,
				4C51943423AB555400CCB1C6 /* UdderUITests.xctest */,
			);
			name = Products;
			sourceTree = "<group>";
		};
		4C51941523AB554F00CCB1C6 /* Udder */ = {
			isa = PBXGroup;
			children = (
				4C51941623AB554F00CCB1C6 /* AppDelegate.swift */,
				4C51941823AB554F00CCB1C6 /* SceneDelegate.swift */,
				4C51941A23AB554F00CCB1C6 /* ContentView.swift */,
				4C51941C23AB555400CCB1C6 /* Assets.xcassets */,
				4C51942123AB555400CCB1C6 /* LaunchScreen.storyboard */,
				4C51942423AB555400CCB1C6 /* Info.plist */,
				4C51941E23AB555400CCB1C6 /* Preview Content */,
			);
			path = Udder;
			sourceTree = "<group>";
		};
		4C51941E23AB555400CCB1C6 /* Preview Content */ = {
			isa = PBXGroup;
			children = (
				4C51941F23AB555400CCB1C6 /* Preview Assets.xcassets */,
			);
			path = "Preview Content";
			sourceTree = "<group>";
		};
		4C51942C23AB555400CCB1C6 /* UdderTests */ = {
			isa = PBXGroup;
			children = (
				4C51942D23AB555400CCB1C6 /* UdderTests.swift */,
				4C51942F23AB555400CCB1C6 /* Info.plist */,
			);
			path = UdderTests;
			sourceTree = "<group>";
		};
		4C51943723AB555400CCB1C6 /* UdderUITests */ = {
			isa = PBXGroup;
			children = (
				4C51943823AB555400CCB1C6 /* UdderUITests.swift */,
				4C51943A23AB555400CCB1C6 /* Info.plist */,
			);
			path = UdderUITests;
			sourceTree = "<group>";
		};
/* End PBXGroup section */

/* Begin PBXNativeTarget section */
		4C51941223AB554F00CCB1C6 /* Udder */ = {
			isa = PBXNativeTarget;
			buildConfigurationList = 4C51943D23AB555400CCB1C6 /* Build configuration list for PBXNativeTarget "Udder" */;
			buildPhases = (
				4C51940F23AB554F00CCB1C6 /* Sources */,
				4C51941023AB554F00CCB1C6 /* Frameworks */,
				4C51941123AB554F00CCB1C6 /* Resources */,
			);
			buildRules = (
			);
			dependencies = (
			);
			name = Udder;
			productName = Udder;
			productReference = 4C51941323AB554F00CCB1C6 /* Udder.app */;
			productType = "com.apple.product-type.application";
		};
		4C51942823AB555400CCB1C6 /* UdderTests */ = {
			isa = PBXNativeTarget;
			buildConfigurationList = 4C51944023AB555400CCB1C6 /* Build configuration list for PBXNativeTarget "UdderTests" */;
			buildPhases = (
				4C51942523AB555400CCB1C6 /* Sources */,
				4C51942623AB555400CCB1C6 /* Frameworks */,
				4C51942723AB555400CCB1C6 /* Resources */,
			);
			buildRules = (
			);
			dependencies = (
				4C51942B23AB555400CCB1C6 /* PBXTargetDependency */,
			);
			name = UdderTests;
			productName = UdderTests;
			productReference = 4C51942923AB555400CCB1C6 /* UdderTests.xctest */;
			productType = "com.apple.product-type.bundle.unit-test";
		};
		4C51943323AB555400CCB1C6 /* UdderUITests */ = {
			isa = PBXNativeTarget;
			buildConfigurationList = 4C51944323AB555400CCB1C6 /* Build configuration list for PBXNativeTarget "UdderUITests" */;
			buildPhases = (
				4C51943023AB555400CCB1C6 /* Sources */,
				4C51943123AB555400CCB1C6 /* Frameworks */,
				4C51943223AB555400CCB1C6 /* Resources */,
			);
			buildRules = (
			);
			dependencies = (
				4C51943623AB555400CCB1C6 /* PBXTargetDependency */,
			);
			name = UdderUITests;
			productName = UdderUITests;
			productReference = 4C51943423AB555400CCB1C6 /* UdderUITests.xctest */;
			productType = "com.apple.product-type.bundle.ui-testing";
		};
/* End PBXNativeTarget section */

/* Begin PBXProject section */
		4C51940B23AB554F00CCB1C6 /* Project object */ = {
			isa = PBXProject;
			attributes = {
				LastSwiftUpdateCheck = 1120;
				LastUpgradeCheck = 1120;
				ORGANIZATIONNAME = cate;
				TargetAttributes = {
					4C51941223AB554F00CCB1C6 = {
						CreatedOnToolsVersion = 11.2.1;
					};
					4C51942823AB555400CCB1C6 = {
						CreatedOnToolsVersion = 11.2.1;
						TestTargetID = 4C51941223AB554F00CCB1C6;
					};
					4C51943323AB555400CCB1C6 = {
						CreatedOnToolsVersion = 11.2.1;
						TestTargetID = 4C51941223AB554F00CCB1C6;
					};
				};
			};
			buildConfigurationList = 4C51940E23AB554F00CCB1C6 /* Build configuration list for PBXProject "Udder" */;
			compatibilityVersion = "Xcode 9.3";
			developmentRegion = en;
			hasScannedForEncodings = 0;
			knownRegions = (
				en,
				Base,
			);
			mainGroup = 4C51940A23AB554F00CCB1C6;
			productRefGroup = 4C51941423AB554F00CCB1C6 /* Products */;
			projectDirPath = "";
			projectRoot = "";
			targets = (
				4C51941223AB554F00CCB1C6 /* Udder */,
				4C51942823AB555400CCB1C6 /* UdderTests */,
				4C51943323AB555400CCB1C6 /* UdderUITests */,
			);
		};
/* End PBXProject section */

/* Begin PBXResourcesBuildPhase section */
		4C51941123AB554F00CCB1C6 /* Resources */ = {
			isa = PBXResourcesBuildPhase;
			buildActionMask = 2147483647;
			files = (
				4C51942323AB555400CCB1C6 /* LaunchScreen.storyboard in Resources */,
				4C51942023AB555400CCB1C6 /* Preview Assets.xcassets in Resources */,
				4C51941D23AB555400CCB1C6 /* Assets.xcassets in Resources */,
			);
			runOnlyForDeploymentPostprocessing = 0;
		};
		4C51942723AB555400CCB1C6 /* Resources */ = {
			isa = PBXResourcesBuildPhase;
			buildActionMask = 2147483647;
			files = (
			);
			runOnlyForDeploymentPostprocessing = 0;
		};
		4C51943223AB555400CCB1C6 /* Resources */ = {
			isa = PBXResourcesBuildPhase;
			buildActionMask = 2147483647;
			files = (
			);
			runOnlyForDeploymentPostprocessing = 0;
		};
/* End PBXResourcesBuildPhase section */

/* Begin PBXSourcesBuildPhase section */
		4C51940F23AB554F00CCB1C6 /* Sources */ = {
			isa = PBXSourcesBuildPhase;
			buildActionMask = 2147483647;
			files = (
				4C51941723AB554F00CCB1C6 /* AppDelegate.swift in Sources */,
				4C51941923AB554F00CCB1C6 /* SceneDelegate.swift in Sources */,
				4C51941B23AB554F00CCB1C6 /* ContentView.swift in Sources */,
			);
			runOnlyForDeploymentPostprocessing = 0;
		};
		4C51942523AB555400CCB1C6 /* Sources */ = {
			isa = PBXSourcesBuildPhase;
			buildActionMask = 2147483647;
			files = (
				4C51942E23AB555400CCB1C6 /* UdderTests.swift in Sources */,
			);
			runOnlyForDeploymentPostprocessing = 0;
		};
		4C51943023AB555400CCB1C6 /* Sources */ = {
			isa = PBXSourcesBuildPhase;
			buildActionMask = 2147483647;
			files = (
				4C51943923AB555400CCB1C6 /* UdderUITests.swift in Sources */,
			);
			runOnlyForDeploymentPostprocessing = 0;
		};
/* End PBXSourcesBuildPhase section */

/* Begin PBXTargetDependency section */
		4C51942B23AB555400CCB1C6 /* PBXTargetDependency */ = {
			isa = PBXTargetDependency;
			target = 4C51941223AB554F00CCB1C6 /* Udder */;
			targetProxy = 4C51942A23AB555400CCB1C6 /* PBXContainerItemProxy */;
		};
		4C51943623AB555400CCB1C6 /* PBXTargetDependency */ = {
			isa = PBXTargetDependency;
			target = 4C51941223AB554F00CCB1C6 /* Udder */;
			targetProxy = 4C51943523AB555400CCB1C6 /* PBXContainerItemProxy */;
		};
/* End PBXTargetDependency section */

/* Begin PBXVariantGroup section */
		4C51942123AB555400CCB1C6 /* LaunchScreen.storyboard */ = {
			isa = PBXVariantGroup;
			children = (
				4C51942223AB555400CCB1C6 /* Base */,
			);
			name = LaunchScreen.storyboard;
			sourceTree = "<group>";
		};
/* End PBXVariantGroup section */

/* Begin XCBuildConfiguration section */
		4C51943B23AB555400CCB1C6 /* Debug */ = {
			isa = XCBuildConfiguration;
			buildSettings = {
				ALWAYS_SEARCH_USER_PATHS = NO;
				CLANG_ANALYZER_NONNULL = YES;
				CLANG_ANALYZER_NUMBER_OBJECT_CONVERSION = YES_AGGRESSIVE;
				CLANG_CXX_LANGUAGE_STANDARD = "gnu++14";
				CLANG_CXX_LIBRARY = "libc++";
				CLANG_ENABLE_MODULES = YES;
				CLANG_ENABLE_OBJC_ARC = YES;
				CLANG_ENABLE_OBJC_WEAK = YES;
				CLANG_WARN_BLOCK_CAPTURE_AUTORELEASING = YES;
				CLANG_WARN_BOOL_CONVERSION = YES;
				CLANG_WARN_COMMA = YES;
				CLANG_WARN_CONSTANT_CONVERSION = YES;
				CLANG_WARN_DEPRECATED_OBJC_IMPLEMENTATIONS = YES;
				CLANG_WARN_DIRECT_OBJC_ISA_USAGE = YES_ERROR;
				CLANG_WARN_DOCUMENTATION_COMMENTS = YES;
				CLANG_WARN_EMPTY_BODY = YES;
				CLANG_WARN_ENUM_CONVERSION = YES;
				CLANG_WARN_INFINITE_RECURSION = YES;
				CLANG_WARN_INT_CONVERSION = YES;
				CLANG_WARN_NON_LITERAL_NULL_CONVERSION = YES;
				CLANG_WARN_OBJC_IMPLICIT_RETAIN_SELF = YES;
				CLANG_WARN_OBJC_LITERAL_CONVERSION = YES;
				CLANG_WARN_OBJC_ROOT_CLASS = YES_ERROR;
				CLANG_WARN_RANGE_LOOP_ANALYSIS = YES;
				CLANG_WARN_STRICT_PROTOTYPES = YES;
				CLANG_WARN_SUSPICIOUS_MOVE = YES;
				CLANG_WARN_UNGUARDED_AVAILABILITY = YES_AGGRESSIVE;
				CLANG_WARN_UNREACHABLE_CODE = YES;
				CLANG_WARN__DUPLICATE_METHOD_MATCH = YES;
				COPY_PHASE_STRIP = NO;
				DEBUG_INFORMATION_FORMAT = dwarf;
				ENABLE_STRICT_OBJC_MSGSEND = YES;
				ENABLE_TESTABILITY = YES;
				GCC_C_LANGUAGE_STANDARD = gnu11;
				GCC_DYNAMIC_NO_PIC = NO;
				GCC_NO_COMMON_BLOCKS = YES;
				GCC_OPTIMIZATION_LEVEL = 0;
				GCC_PREPROCESSOR_DEFINITIONS = (
					"DEBUG=1",
					"$(inherited)",
				);
				GCC_WARN_64_TO_32_BIT_CONVERSION = YES;
				GCC_WARN_ABOUT_RETURN_TYPE = YES_ERROR;
				GCC_WARN_UNDECLARED_SELECTOR = YES;
				GCC_WARN_UNINITIALIZED_AUTOS = YES_AGGRESSIVE;
				GCC_WARN_UNUSED_FUNCTION = YES;
				GCC_WARN_UNUSED_VARIABLE = YES;
				IPHONEOS_DEPLOYMENT_TARGET = 13.2;
				MTL_ENABLE_DEBUG_INFO = INCLUDE_SOURCE;
				MTL_FAST_MATH = YES;
				ONLY_ACTIVE_ARCH = YES;
				SDKROOT = iphoneos;
				SWIFT_ACTIVE_COMPILATION_CONDITIONS = DEBUG;
				SWIFT_OPTIMIZATION_LEVEL = "-Onone";
			};
			name = Debug;
		};
		4C51943C23AB555400CCB1C6 /* Release */ = {
			isa = XCBuildConfiguration;
			buildSettings = {
				ALWAYS_SEARCH_USER_PATHS = NO;
				CLANG_ANALYZER_NONNULL = YES;
				CLANG_ANALYZER_NUMBER_OBJECT_CONVERSION = YES_AGGRESSIVE;
				CLANG_CXX_LANGUAGE_STANDARD = "gnu++14";
				CLANG_CXX_LIBRARY = "libc++";
				CLANG_ENABLE_MODULES = YES;
				CLANG_ENABLE_OBJC_ARC = YES;
				CLANG_ENABLE_OBJC_WEAK = YES;
				CLANG_WARN_BLOCK_CAPTURE_AUTORELEASING = YES;
				CLANG_WARN_BOOL_CONVERSION = YES;
				CLANG_WARN_COMMA = YES;
				CLANG_WARN_CONSTANT_CONVERSION = YES;
				CLANG_WARN_DEPRECATED_OBJC_IMPLEMENTATIONS = YES;
				CLANG_WARN_DIRECT_OBJC_ISA_USAGE = YES_ERROR;
				CLANG_WARN_DOCUMENTATION_COMMENTS = YES;
				CLANG_WARN_EMPTY_BODY = YES;
				CLANG_WARN_ENUM_CONVERSION = YES;
				CLANG_WARN_INFINITE_RECURSION = YES;
				CLANG_WARN_INT_CONVERSION = YES;
				CLANG_WARN_NON_LITERAL_NULL_CONVERSION = YES;
				CLANG_WARN_OBJC_IMPLICIT_RETAIN_SELF = YES;
				CLANG_WARN_OBJC_LITERAL_CONVERSION = YES;
				CLANG_WARN_OBJC_ROOT_CLASS = YES_ERROR;
				CLANG_WARN_RANGE_LOOP_ANALYSIS = YES;
				CLANG_WARN_STRICT_PROTOTYPES = YES;
				CLANG_WARN_SUSPICIOUS_MOVE = YES;
				CLANG_WARN_UNGUARDED_AVAILABILITY = YES_AGGRESSIVE;
				CLANG_WARN_UNREACHABLE_CODE = YES;
				CLANG_WARN__DUPLICATE_METHOD_MATCH = YES;
				COPY_PHASE_STRIP = NO;
				DEBUG_INFORMATION_FORMAT = "dwarf-with-dsym";
				ENABLE_NS_ASSERTIONS = NO;
				ENABLE_STRICT_OBJC_MSGSEND = YES;
				GCC_C_LANGUAGE_STANDARD = gnu11;
				GCC_NO_COMMON_BLOCKS = YES;
				GCC_WARN_64_TO_32_BIT_CONVERSION = YES;
				GCC_WARN_ABOUT_RETURN_TYPE = YES_ERROR;
				GCC_WARN_UNDECLARED_SELECTOR = YES;
				GCC_WARN_UNINITIALIZED_AUTOS = YES_AGGRESSIVE;
				GCC_WARN_UNUSED_FUNCTION = YES;
				GCC_WARN_UNUSED_VARIABLE = YES;
				IPHONEOS_DEPLOYMENT_TARGET = 13.2;
				MTL_ENABLE_DEBUG_INFO = NO;
				MTL_FAST_MATH = YES;
				SDKROOT = iphoneos;
				SWIFT_COMPILATION_MODE = wholemodule;
				SWIFT_OPTIMIZATION_LEVEL = "-O";
				VALIDATE_PRODUCT = YES;
			};
			name = Release;
		};
		4C51943E23AB555400CCB1C6 /* Debug */ = {
			isa = XCBuildConfiguration;
			buildSettings = {
				ASSETCATALOG_COMPILER_APPICON_NAME = AppIcon;
				CODE_SIGN_STYLE = Automatic;
				DEVELOPMENT_ASSET_PATHS = "\"Udder/Preview Content\"";
				DEVELOPMENT_TEAM = N6YVV69RJB;
				ENABLE_PREVIEWS = YES;
				INFOPLIST_FILE = Udder/Info.plist;
				LD_RUNPATH_SEARCH_PATHS = (
					"$(inherited)",
					"@executable_path/Frameworks",
				);
				PRODUCT_BUNDLE_IDENTIFIER = org.cate.cs.li.udder.Udder;
				PRODUCT_NAME = "$(TARGET_NAME)";
				SWIFT_VERSION = 5.0;
				TARGETED_DEVICE_FAMILY = "1,2";
			};
			name = Debug;
		};
		4C51943F23AB555400CCB1C6 /* Release */ = {
			isa = XCBuildConfiguration;
			buildSettings = {
				ASSETCATALOG_COMPILER_APPICON_NAME = AppIcon;
				CODE_SIGN_STYLE = Automatic;
				DEVELOPMENT_ASSET_PATHS = "\"Udder/Preview Content\"";
				DEVELOPMENT_TEAM = N6YVV69RJB;
				ENABLE_PREVIEWS = YES;
				INFOPLIST_FILE = Udder/Info.plist;
				LD_RUNPATH_SEARCH_PATHS = (
					"$(inherited)",
					"@executable_path/Frameworks",
				);
				PRODUCT_BUNDLE_IDENTIFIER = org.cate.cs.li.udder.Udder;
				PRODUCT_NAME = "$(TARGET_NAME)";
				SWIFT_VERSION = 5.0;
				TARGETED_DEVICE_FAMILY = "1,2";
			};
			name = Release;
		};
		4C51944123AB555400CCB1C6 /* Debug */ = {
			isa = XCBuildConfiguration;
			buildSettings = {
				ALWAYS_EMBED_SWIFT_STANDARD_LIBRARIES = YES;
				BUNDLE_LOADER = "$(TEST_HOST)";
				CODE_SIGN_STYLE = Automatic;
				DEVELOPMENT_TEAM = N6YVV69RJB;
				INFOPLIST_FILE = UdderTests/Info.plist;
				IPHONEOS_DEPLOYMENT_TARGET = 13.2;
				LD_RUNPATH_SEARCH_PATHS = (
					"$(inherited)",
					"@executable_path/Frameworks",
					"@loader_path/Frameworks",
				);
				PRODUCT_BUNDLE_IDENTIFIER = org.cate.cs.li.udder.UdderTests;
				PRODUCT_NAME = "$(TARGET_NAME)";
				SWIFT_VERSION = 5.0;
				TARGETED_DEVICE_FAMILY = "1,2";
				TEST_HOST = "$(BUILT_PRODUCTS_DIR)/Udder.app/Udder";
			};
			name = Debug;
		};
		4C51944223AB555400CCB1C6 /* Release */ = {
			isa = XCBuildConfiguration;
			buildSettings = {
				ALWAYS_EMBED_SWIFT_STANDARD_LIBRARIES = YES;
				BUNDLE_LOADER = "$(TEST_HOST)";
				CODE_SIGN_STYLE = Automatic;
				DEVELOPMENT_TEAM = N6YVV69RJB;
				INFOPLIST_FILE = UdderTests/Info.plist;
				IPHONEOS_DEPLOYMENT_TARGET = 13.2;
				LD_RUNPATH_SEARCH_PATHS = (
					"$(inherited)",
					"@executable_path/Frameworks",
					"@loader_path/Frameworks",
				);
				PRODUCT_BUNDLE_IDENTIFIER = org.cate.cs.li.udder.UdderTests;
				PRODUCT_NAME = "$(TARGET_NAME)";
				SWIFT_VERSION = 5.0;
				TARGETED_DEVICE_FAMILY = "1,2";
				TEST_HOST = "$(BUILT_PRODUCTS_DIR)/Udder.app/Udder";
			};
			name = Release;
		};
		4C51944423AB555400CCB1C6 /* Debug */ = {
			isa = XCBuildConfiguration;
			buildSettings = {
				ALWAYS_EMBED_SWIFT_STANDARD_LIBRARIES = YES;
				CODE_SIGN_STYLE = Automatic;
				DEVELOPMENT_TEAM = N6YVV69RJB;
				INFOPLIST_FILE = UdderUITests/Info.plist;
				LD_RUNPATH_SEARCH_PATHS = (
					"$(inherited)",
					"@executable_path/Frameworks",
					"@loader_path/Frameworks",
				);
				PRODUCT_BUNDLE_IDENTIFIER = org.cate.cs.li.udder.UdderUITests;
				PRODUCT_NAME = "$(TARGET_NAME)";
				SWIFT_VERSION = 5.0;
				TARGETED_DEVICE_FAMILY = "1,2";
				TEST_TARGET_NAME = Udder;
			};
			name = Debug;
		};
		4C51944523AB555400CCB1C6 /* Release */ = {
			isa = XCBuildConfiguration;
			buildSettings = {
				ALWAYS_EMBED_SWIFT_STANDARD_LIBRARIES = YES;
				CODE_SIGN_STYLE = Automatic;
				DEVELOPMENT_TEAM = N6YVV69RJB;
				INFOPLIST_FILE = UdderUITests/Info.plist;
				LD_RUNPATH_SEARCH_PATHS = (
					"$(inherited)",
					"@executable_path/Frameworks",
					"@loader_path/Frameworks",
				);
				PRODUCT_BUNDLE_IDENTIFIER = org.cate.cs.li.udder.UdderUITests;
				PRODUCT_NAME = "$(TARGET_NAME)";
				SWIFT_VERSION = 5.0;
				TARGETED_DEVICE_FAMILY = "1,2";
				TEST_TARGET_NAME = Udder;
			};
			name = Release;
		};
/* End XCBuildConfiguration section */

/* Begin XCConfigurationList section */
		4C51940E23AB554F00CCB1C6 /* Build configuration list for PBXProject "Udder" */ = {
			isa = XCConfigurationList;
			buildConfigurations = (
				4C51943B23AB555400CCB1C6 /* Debug */,
				4C51943C23AB555400CCB1C6 /* Release */,
			);
			defaultConfigurationIsVisible = 0;
			defaultConfigurationName = Release;
		};
		4C51943D23AB555400CCB1C6 /* Build configuration list for PBXNativeTarget "Udder" */ = {
			isa = XCConfigurationList;
			buildConfigurations = (
				4C51943E23AB555400CCB1C6 /* Debug */,
				4C51943F23AB555400CCB1C6 /* Release */,
			);
			defaultConfigurationIsVisible = 0;
			defaultConfigurationName = Release;
		};
		4C51944023AB555400CCB1C6 /* Build configuration list for PBXNativeTarget "UdderTests" */ = {
			isa = XCConfigurationList;
			buildConfigurations = (
				4C51944123AB555400CCB1C6 /* Debug */,
				4C51944223AB555400CCB1C6 /* Release */,
			);
			defaultConfigurationIsVisible = 0;
			defaultConfigurationName = Release;
		};
		4C51944323AB555400CCB1C6 /* Build configuration list for PBXNativeTarget "UdderUITests" */ = {
			isa = XCConfigurationList;
			buildConfigurations = (
				4C51944423AB555400CCB1C6 /* Debug */,
				4C51944523AB555400CCB1C6 /* Release */,
			);
			defaultConfigurationIsVisible = 0;
			defaultConfigurationName = Release;
		};
/* End XCConfigurationList section */
	};
	rootObject = 4C51940B23AB554F00CCB1C6 /* Project object */;
}
